Microsoft Visual Studio Solution File, Format Version 12.00
# Visual Studio Version 17
VisualStudioVersion = 17.5.2.0
MinimumVisualStudioVersion = 10.0.40219.1
Project("{2150E333-8FDC-42A3-9474-1A3956D46DE8}") = "tests", "tests", "{0AB3BF05-4346-4AA6-1389-037BE0695223}"
EndProject
Project("{2150E333-8FDC-42A3-9474-1A3956D46DE8}") = "integration", "integration", "{28A6993C-471E-82FE-7D9E-AD3B1EC22BD9}"
EndProject
Project("{FAE04EC0-301F-11D3-BF4B-00C04F79EFBC}") = "UIAutomationTests", "tests\integration\UIAutomationTests\UIAutomationTests.csproj", "{43FAB4DC-892B-8518-C75C-DBF6F804DD25}"
EndProject
Global
	GlobalSection(SolutionConfigurationPlatforms) = preSolution
		Debug|Any CPU = Debug|Any CPU
		Release|Any CPU = Release|Any CPU
	EndGlobalSection
	GlobalSection(ProjectConfigurationPlatforms) = postSolution
		{43FAB4DC-892B-8518-C75C-DBF6F804DD25}.Debug|Any CPU.ActiveCfg = Debug|Any CPU
		{43FAB4DC-892B-8518-C75C-DBF6F804DD25}.Debug|Any CPU.Build.0 = Debug|Any CPU
		{43FAB4DC-892B-8518-C75C-DBF6F804DD25}.Release|Any CPU.ActiveCfg = Release|Any CPU
		{43FAB4DC-892B-8518-C75C-DBF6F804DD25}.Release|Any CPU.Build.0 = Release|Any CPU
	EndGlobalSection
	GlobalSection(SolutionProperties) = preSolution
		HideSolutionNode = FALSE
	EndGlobalSection
	GlobalSection(NestedProjects) = preSolution
		{28A6993C-471E-82FE-7D9E-AD3B1EC22BD9} = {0AB3BF05-4346-4AA6-1389-037BE0695223}
		{43FAB4DC-892B-8518-C75C-DBF6F804DD25} = {28A6993C-471E-82FE-7D9E-AD3B1EC22BD9}
	EndGlobalSection
	GlobalSection(ExtensibilityGlobals) = postSolution
		SolutionGuid = {788AD16E-5420-4114-886F-9632DB831128}
	EndGlobalSection
EndGlobal
