// !$*UTF8*$!
{
	archiveVersion = 1;
	classes = {
	};
	objectVersion = 60;
	objects = {

/* Begin PBXBuildFile section */
		78E0076FEACEAFDC47D03E59 /* AlbumTransporterKit in Frameworks */ = {isa = PBXBuildFile; productRef = CDBCF8EFFA35E8CC643A606C /* AlbumTransporterKit */; };
		A5C56128C12EEED37FC3210A /* AlbumTransporterApp.swift in Sources */ = {isa = PBXBuildFile; fileRef = 963E74FFCDA7974E3E34C8C3 /* AlbumTransporterApp.swift */; };
		B033F686D41CC0B658E2B4EF /* Foundation.framework in Frameworks */ = {isa = PBXBuildFile; fileRef = 5AC8CE28919C9157AC9030D9 /* Foundation.framework */; };
		C7A0E9A13E414B28A8F4A101 /* Assets.xcassets in Resources */ = {isa = PBXBuildFile; fileRef = C7A0E9A23E414B28A8F4A101 /* Assets.xcassets */; };
		C7A0E9A33E414B28A8F4A101 /* LaunchScreen.storyboard in Resources */ = {isa = PBXBuildFile; fileRef = C7A0E9A43E414B28A8F4A101 /* LaunchScreen.storyboard */; };
/* End PBXBuildFile section */

/* Begin PBXFileReference section */
		1A5D5D04B6A631A962A9E1F7 /* AlbumTransporterApp.app */ = {isa = PBXFileReference; explicitFileType = wrapper.application; includeInIndex = 0; path = AlbumTransporterApp.app; sourceTree = BUILT_PRODUCTS_DIR; };
		5AC8CE28919C9157AC9030D9 /* Foundation.framework */ = {isa = PBXFileReference; lastKnownFileType = wrapper.framework; name = Foundation.framework; path = Platforms/iPhoneOS.platform/Developer/SDKs/iPhoneOS18.0.sdk/System/Library/Frameworks/Foundation.framework; sourceTree = DEVELOPER_DIR; };
		79D12E02C504AEC5A27313AF /* Info.plist */ = {isa = PBXFileReference; includeInIndex = 1; lastKnownFileType = text.plist.xml; name = Info.plist; path = App/Info.plist; sourceTree = "<group>"; };
		963E74FFCDA7974E3E34C8C3 /* AlbumTransporterApp.swift */ = {isa = PBXFileReference; includeInIndex = 1; lastKnownFileType = sourcecode.swift; name = AlbumTransporterApp.swift; path = App/AlbumTransporterApp.swift; sourceTree = "<group>"; };
		C7A0E9A23E414B28A8F4A101 /* Assets.xcassets */ = {isa = PBXFileReference; lastKnownFileType = folder.assetcatalog; name = Assets.xcassets; path = App/Assets.xcassets; sourceTree = "<group>"; };
		C7A0E9A43E414B28A8F4A101 /* LaunchScreen.storyboard */ = {isa = PBXFileReference; lastKnownFileType = file.storyboard; name = LaunchScreen.storyboard; path = App/LaunchScreen.storyboard; sourceTree = "<group>"; };
/* End PBXFileReference section */

/* Begin PBXFrameworksBuildPhase section */
		0D7F85A06F6DEC6571294B34 /* Frameworks */ = {
			isa = PBXFrameworksBuildPhase;
			buildActionMask = 2147483647;
			files = (
				B033F686D41CC0B658E2B4EF /* Foundation.framework in Frameworks */,
				78E0076FEACEAFDC47D03E59 /* AlbumTransporterKit in Frameworks */,
			);
			runOnlyForDeploymentPostprocessing = 0;
		};
/* End PBXFrameworksBuildPhase section */

/* Begin PBXGroup section */
		86F9AA3367D98B280C0BE44C /* Products */ = {
			isa = PBXGroup;
			children = (
				1A5D5D04B6A631A962A9E1F7 /* AlbumTransporterApp.app */,
			);
			name = Products;
			sourceTree = "<group>";
		};
		9DBA0196972BA2676F5533FD /* App */ = {
			isa = PBXGroup;
			children = (
				963E74FFCDA7974E3E34C8C3 /* AlbumTransporterApp.swift */,
				79D12E02C504AEC5A27313AF /* Info.plist */,
				C7A0E9A43E414B28A8F4A101 /* LaunchScreen.storyboard */,
				C7A0E9A23E414B28A8F4A101 /* Assets.xcassets */,
			);
			name = App;
			sourceTree = "<group>";
		};
		A4C0EE31F316DC22D2B1D5DE /* iOS */ = {
			isa = PBXGroup;
			children = (
				5AC8CE28919C9157AC9030D9 /* Foundation.framework */,
			);
			name = iOS;
			sourceTree = "<group>";
		};
		B2F2B86624660D3ED940BFE0 = {
			isa = PBXGroup;
			children = (
				86F9AA3367D98B280C0BE44C /* Products */,
				B46D19DE7AA467B3DA18E326 /* Frameworks */,
				9DBA0196972BA2676F5533FD /* App */,
			);
			sourceTree = "<group>";
		};
		B46D19DE7AA467B3DA18E326 /* Frameworks */ = {
			isa = PBXGroup;
			children = (
				A4C0EE31F316DC22D2B1D5DE /* iOS */,
			);
			name = Frameworks;
			sourceTree = "<group>";
		};
/* End PBXGroup section */

/* Begin PBXNativeTarget section */
		DF65746996E798111BB25E06 /* AlbumTransporterApp */ = {
			isa = PBXNativeTarget;
			buildConfigurationList = 43EE54D5F6E3D7A9B39A0326 /* Build configuration list for PBXNativeTarget "AlbumTransporterApp" */;
			buildPhases = (
				4A0E923222111A001730D323 /* Sources */,
				0D7F85A06F6DEC6571294B34 /* Frameworks */,
				447D9B3CA60BFCE4238E4BE1 /* Resources */,
			);
			buildRules = (
			);
			dependencies = (
			);
			name = AlbumTransporterApp;
			packageProductDependencies = (
				CDBCF8EFFA35E8CC643A606C /* AlbumTransporterKit */,
			);
			productName = AlbumTransporterApp;
			productReference = 1A5D5D04B6A631A962A9E1F7 /* AlbumTransporterApp.app */;
			productType = "com.apple.product-type.application";
		};
/* End PBXNativeTarget section */

/* Begin PBXProject section */
		4C77E4A5C48D92A643EEE4A4 /* Project object */ = {
			isa = PBXProject;
			attributes = {
				LastSwiftUpdateCheck = 2620;
				LastUpgradeCheck = 2620;
			};
			buildConfigurationList = 73379FCB874BA5C218AAD793 /* Build configuration list for PBXProject "AlbumTransporterApp" */;
			compatibilityVersion = "Xcode 3.2";
			developmentRegion = en;
			hasScannedForEncodings = 0;
			knownRegions = (
				en,
				Base,
			);
			mainGroup = B2F2B86624660D3ED940BFE0;
			packageReferences = (
				34F85B90D4B6FF60D0920E9A /* XCLocalSwiftPackageReference "." */,
			);
			productRefGroup = 86F9AA3367D98B280C0BE44C /* Products */;
			projectDirPath = "";
			projectRoot = "";
			targets = (
				DF65746996E798111BB25E06 /* AlbumTransporterApp */,
			);
		};
/* End PBXProject section */

/* Begin PBXResourcesBuildPhase section */
		447D9B3CA60BFCE4238E4BE1 /* Resources */ = {
			isa = PBXResourcesBuildPhase;
			buildActionMask = 2147483647;
			files = (
				C7A0E9A13E414B28A8F4A101 /* Assets.xcassets in Resources */,
				C7A0E9A33E414B28A8F4A101 /* LaunchScreen.storyboard in Resources */,
			);
			runOnlyForDeploymentPostprocessing = 0;
		};
/* End PBXResourcesBuildPhase section */

/* Begin PBXSourcesBuildPhase section */
		4A0E923222111A001730D323 /* Sources */ = {
			isa = PBXSourcesBuildPhase;
			buildActionMask = 2147483647;
			files = (
				A5C56128C12EEED37FC3210A /* AlbumTransporterApp.swift in Sources */,
			);
			runOnlyForDeploymentPostprocessing = 0;
		};
/* End PBXSourcesBuildPhase section */

/* Begin XCBuildConfiguration section */
		62B3E0FDF3D0F7CA091CF365 /* Release */ = {
			isa = XCBuildConfiguration;
			buildSettings = {
				ASSETCATALOG_COMPILER_APPICON_NAME = AppIcon;
				ASSETCATALOG_COMPILER_GLOBAL_ACCENT_COLOR_NAME = AccentColor;
				CLANG_ENABLE_OBJC_WEAK = NO;
				CODE_SIGN_STYLE = Automatic;
				CURRENT_PROJECT_VERSION = 1;
				DEVELOPMENT_TEAM = ZU6V838VRQ;
				INFOPLIST_FILE = App/Info.plist;
				IPHONEOS_DEPLOYMENT_TARGET = 15.6;
				LD_RUNPATH_SEARCH_PATHS = (
					"$(inherited)",
					"@executable_path/Frameworks",
				);
				MARKETING_VERSION = 1.0;
				PRODUCT_BUNDLE_IDENTIFIER = net.boldman.albumtransporter;
				SDKROOT = iphoneos;
				SWIFT_VERSION = 6.0;
				TARGETED_DEVICE_FAMILY = "1,2";
				VALIDATE_PRODUCT = YES;
			};
			name = Release;
		};
		961D62471B3ACB3B973DA90A /* Debug */ = {
			isa = XCBuildConfiguration;
			buildSettings = {
				ALWAYS_SEARCH_USER_PATHS = NO;
				CLANG_ANALYZER_NONNULL = YES;
				CLANG_ANALYZER_NUMBER_OBJECT_CONVERSION = YES_AGGRESSIVE;
				CLANG_CXX_LANGUAGE_STANDARD = "gnu++14";
				CLANG_CXX_LIBRARY = "libc++";
				CLANG_ENABLE_MODULES = YES;
				CLANG_ENABLE_OBJC_ARC = YES;
				CLANG_ENABLE_OBJC_WEAK = YES;
				CLANG_WARN_BLOCK_CAPTURE_AUTORELEASING = YES;
				CLANG_WARN_BOOL_CONVERSION = YES;
				CLANG_WARN_COMMA = YES;
				CLANG_WARN_CONSTANT_CONVERSION = YES;
				CLANG_WARN_DEPRECATED_OBJC_IMPLEMENTATIONS = YES;
				CLANG_WARN_DIRECT_OBJC_ISA_USAGE = YES_ERROR;
				CLANG_WARN_DOCUMENTATION_COMMENTS = YES;
				CLANG_WARN_EMPTY_BODY = YES;
				CLANG_WARN_ENUM_CONVERSION = YES;
				CLANG_WARN_INFINITE_RECURSION = YES;
				CLANG_WARN_INT_CONVERSION = YES;
				CLANG_WARN_NON_LITERAL_NULL_CONVERSION = YES;
				CLANG_WARN_OBJC_IMPLICIT_RETAIN_SELF = YES;
				CLANG_WARN_OBJC_LITERAL_CONVERSION = YES;
				CLANG_WARN_OBJC_ROOT_CLASS = YES_ERROR;
				CLANG_WARN_QUOTED_INCLUDE_IN_FRAMEWORK_HEADER = YES;
				CLANG_WARN_RANGE_LOOP_ANALYSIS = YES;
				CLANG_WARN_STRICT_PROTOTYPES = YES;
				CLANG_WARN_SUSPICIOUS_MOVE = YES;
				CLANG_WARN_UNGUARDED_AVAILABILITY = YES_AGGRESSIVE;
				CLANG_WARN_UNREACHABLE_CODE = YES;
				CLANG_WARN__DUPLICATE_METHOD_MATCH = YES;
				COPY_PHASE_STRIP = NO;
				DEBUG_INFORMATION_FORMAT = dwarf;
				ENABLE_STRICT_OBJC_MSGSEND = YES;
				ENABLE_TESTABILITY = YES;
				GCC_C_LANGUAGE_STANDARD = gnu11;
				GCC_DYNAMIC_NO_PIC = NO;
				GCC_NO_COMMON_BLOCKS = YES;
				GCC_OPTIMIZATION_LEVEL = 0;
				GCC_PREPROCESSOR_DEFINITIONS = (
					"DEBUG=1",
					"$(inherited)",
				);
				GCC_WARN_64_TO_32_BIT_CONVERSION = YES;
				GCC_WARN_ABOUT_RETURN_TYPE = YES_ERROR;
				GCC_WARN_UNDECLARED_SELECTOR = YES;
				GCC_WARN_UNINITIALIZED_AUTOS = YES_AGGRESSIVE;
				GCC_WARN_UNUSED_FUNCTION = YES;
				GCC_WARN_UNUSED_VARIABLE = YES;
				MTL_ENABLE_DEBUG_INFO = INCLUDE_SOURCE;
				MTL_FAST_MATH = YES;
				ONLY_ACTIVE_ARCH = YES;
				PRODUCT_NAME = "$(TARGET_NAME)";
				SWIFT_ACTIVE_COMPILATION_CONDITIONS = DEBUG;
				SWIFT_OPTIMIZATION_LEVEL = "-Onone";
				SWIFT_VERSION = 5.0;
			};
			name = Debug;
		};
		A16BF49DAC8EC3786FE6DCA9 /* Release */ = {
			isa = XCBuildConfiguration;
			buildSettings = {
				ALWAYS_SEARCH_USER_PATHS = NO;
				CLANG_ANALYZER_NONNULL = YES;
				CLANG_ANALYZER_NUMBER_OBJECT_CONVERSION = YES_AGGRESSIVE;
				CLANG_CXX_LANGUAGE_STANDARD = "gnu++14";
				CLANG_CXX_LIBRARY = "libc++";
				CLANG_ENABLE_MODULES = YES;
				CLANG_ENABLE_OBJC_ARC = YES;
				CLANG_ENABLE_OBJC_WEAK = YES;
				CLANG_WARN_BLOCK_CAPTURE_AUTORELEASING = YES;
				CLANG_WARN_BOOL_CONVERSION = YES;
				CLANG_WARN_COMMA = YES;
				CLANG_WARN_CONSTANT_CONVERSION = YES;
				CLANG_WARN_DEPRECATED_OBJC_IMPLEMENTATIONS = YES;
				CLANG_WARN_DIRECT_OBJC_ISA_USAGE = YES_ERROR;
				CLANG_WARN_DOCUMENTATION_COMMENTS = YES;
				CLANG_WARN_EMPTY_BODY = YES;
				CLANG_WARN_ENUM_CONVERSION = YES;
				CLANG_WARN_INFINITE_RECURSION = YES;
				CLANG_WARN_INT_CONVERSION = YES;
				CLANG_WARN_NON_LITERAL_NULL_CONVERSION = YES;
				CLANG_WARN_OBJC_IMPLICIT_RETAIN_SELF = YES;
				CLANG_WARN_OBJC_LITERAL_CONVERSION = YES;
				CLANG_WARN_OBJC_ROOT_CLASS = YES_ERROR;
				CLANG_WARN_QUOTED_INCLUDE_IN_FRAMEWORK_HEADER = YES;
				CLANG_WARN_RANGE_LOOP_ANALYSIS = YES;
				CLANG_WARN_STRICT_PROTOTYPES = YES;
				CLANG_WARN_SUSPICIOUS_MOVE = YES;
				CLANG_WARN_UNGUARDED_AVAILABILITY = YES_AGGRESSIVE;
				CLANG_WARN_UNREACHABLE_CODE = YES;
				CLANG_WARN__DUPLICATE_METHOD_MATCH = YES;
				COPY_PHASE_STRIP = NO;
				DEBUG_INFORMATION_FORMAT = "dwarf-with-dsym";
				ENABLE_NS_ASSERTIONS = NO;
				ENABLE_STRICT_OBJC_MSGSEND = YES;
				GCC_C_LANGUAGE_STANDARD = gnu11;
				GCC_NO_COMMON_BLOCKS = YES;
				GCC_WARN_64_TO_32_BIT_CONVERSION = YES;
				GCC_WARN_ABOUT_RETURN_TYPE = YES_ERROR;
				GCC_WARN_UNDECLARED_SELECTOR = YES;
				GCC_WARN_UNINITIALIZED_AUTOS = YES_AGGRESSIVE;
				GCC_WARN_UNUSED_FUNCTION = YES;
				GCC_WARN_UNUSED_VARIABLE = YES;
				MTL_ENABLE_DEBUG_INFO = NO;
				MTL_FAST_MATH = YES;
				PRODUCT_NAME = "$(TARGET_NAME)";
				SWIFT_COMPILATION_MODE = wholemodule;
				SWIFT_OPTIMIZATION_LEVEL = "-O";
				SWIFT_VERSION = 5.0;
			};
			name = Release;
		};
		BE40933EB021C3E373BB4240 /* Debug */ = {
			isa = XCBuildConfiguration;
			buildSettings = {
				ASSETCATALOG_COMPILER_APPICON_NAME = AppIcon;
				ASSETCATALOG_COMPILER_GLOBAL_ACCENT_COLOR_NAME = AccentColor;
				CLANG_ENABLE_OBJC_WEAK = NO;
				CODE_SIGN_STYLE = Automatic;
				CURRENT_PROJECT_VERSION = 1;
				DEVELOPMENT_TEAM = ZU6V838VRQ;
				INFOPLIST_FILE = App/Info.plist;
				IPHONEOS_DEPLOYMENT_TARGET = 15.6;
				LD_RUNPATH_SEARCH_PATHS = (
					"$(inherited)",
					"@executable_path/Frameworks",
				);
				MARKETING_VERSION = 1.0;
				PRODUCT_BUNDLE_IDENTIFIER = net.boldman.albumtransporter;
				SDKROOT = iphoneos;
				SWIFT_VERSION = 6.0;
				TARGETED_DEVICE_FAMILY = "1,2";
			};
			name = Debug;
		};
/* End XCBuildConfiguration section */

/* Begin XCConfigurationList section */
		43EE54D5F6E3D7A9B39A0326 /* Build configuration list for PBXNativeTarget "AlbumTransporterApp" */ = {
			isa = XCConfigurationList;
			buildConfigurations = (
				62B3E0FDF3D0F7CA091CF365 /* Release */,
				BE40933EB021C3E373BB4240 /* Debug */,
			);
			defaultConfigurationIsVisible = 0;
			defaultConfigurationName = Release;
		};
		73379FCB874BA5C218AAD793 /* Build configuration list for PBXProject "AlbumTransporterApp" */ = {
			isa = XCConfigurationList;
			buildConfigurations = (
				961D62471B3ACB3B973DA90A /* Debug */,
				A16BF49DAC8EC3786FE6DCA9 /* Release */,
			);
			defaultConfigurationIsVisible = 0;
			defaultConfigurationName = Release;
		};
/* End XCConfigurationList section */

/* Begin XCLocalSwiftPackageReference section */
		34F85B90D4B6FF60D0920E9A /* XCLocalSwiftPackageReference "." */ = {
			isa = XCLocalSwiftPackageReference;
			relativePath = .;
		};
/* End XCLocalSwiftPackageReference section */

/* Begin XCSwiftPackageProductDependency section */
		CDBCF8EFFA35E8CC643A606C /* AlbumTransporterKit */ = {
			isa = XCSwiftPackageProductDependency;
			package = 34F85B90D4B6FF60D0920E9A /* XCLocalSwiftPackageReference "." */;
			productName = AlbumTransporterKit;
		};
/* End XCSwiftPackageProductDependency section */
	};
	rootObject = 4C77E4A5C48D92A643EEE4A4 /* Project object */;
}
