// !$*UTF8*$!
{
	archiveVersion = 1;
	classes = {
	};
	objectVersion = 60;
	objects = {

/* Begin PBXBuildFile section */
		3D802F292FF7FFC100A02CD7 /* Common in Frameworks */ = {isa = PBXBuildFile; productRef = ISPD000000000000000002 /* Common */; };
		3D802F2A2FF7FFC100A02CD7 /* ISFromMobile in Frameworks */ = {isa = PBXBuildFile; productRef = ISPD000000000000000003 /* ISFromMobile */; };
		3D802F2B2FF7FFC100A02CD7 /* ISFromPC in Frameworks */ = {isa = PBXBuildFile; productRef = ISPD000000000000000004 /* ISFromPC */; };
		3D802F2C2FF7FFC100A02CD7 /* Common in Frameworks */ = {isa = PBXBuildFile; productRef = ISPD000000000000000002 /* Common */; };
		3D802F2D2FF7FFC100A02CD7 /* ISFromMobile in Frameworks */ = {isa = PBXBuildFile; productRef = ISPD000000000000000003 /* ISFromMobile */; };
		3D802F2E2FF7FFC100A02CD7 /* ComposableArchitecture in Frameworks */ = {isa = PBXBuildFile; productRef = ISPD000000000000000006 /* ComposableArchitecture */; };
		3D802F2F2FF7FFC100A02CD7 /* ComposableArchitecture in Frameworks */ = {isa = PBXBuildFile; productRef = ISPD000000000000000006 /* ComposableArchitecture */; };
		3DEAE3662FF8D7E900656799 /* ISDeviceManagement in Frameworks */ = {isa = PBXBuildFile; productRef = ISPD000000000000000005 /* ISDeviceManagement */; };
		ISBF000000000000000001 /* InstantShareApp.swift in Sources */ = {isa = PBXBuildFile; fileRef = ISFR000000000000000003 /* InstantShareApp.swift */; };
		ISBF000000000000000002 /* ShareViewController.swift in Sources */ = {isa = PBXBuildFile; fileRef = ISFR000000000000000008 /* ShareViewController.swift */; };
		ISBF000000000000000003 /* Assets.xcassets in Resources */ = {isa = PBXBuildFile; fileRef = ISFR000000000000000005 /* Assets.xcassets */; };
		ISBF000000000000000004 /* LaunchScreen.storyboard in Resources */ = {isa = PBXBuildFile; fileRef = ISFR000000000000000006 /* LaunchScreen.storyboard */; };
		ISBF000000000000000005 /* Instant Share.appex in Embed App Extensions */ = {isa = PBXBuildFile; fileRef = ISFR000000000000000002 /* Instant Share.appex */; settings = {ATTRIBUTES = (RemoveHeadersOnCopy, ); }; };
		ISBF000000000000000006 /* Common in Embed Frameworks */ = {isa = PBXBuildFile; productRef = ISPD000000000000000002 /* Common */; settings = {ATTRIBUTES = (CodeSignOnCopy, ); }; };
		ISBF000000000000000007 /* ISFromMobile in Embed Frameworks */ = {isa = PBXBuildFile; productRef = ISPD000000000000000003 /* ISFromMobile */; settings = {ATTRIBUTES = (CodeSignOnCopy, ); }; };
		ISBF000000000000000008 /* ISFromPC in Embed Frameworks */ = {isa = PBXBuildFile; productRef = ISPD000000000000000004 /* ISFromPC */; settings = {ATTRIBUTES = (CodeSignOnCopy, ); }; };
		ISBF000000000000000011 /* RootView.swift in Sources */ = {isa = PBXBuildFile; fileRef = ISFR000000000000000011 /* RootView.swift */; };
/* End PBXBuildFile section */

/* Begin PBXContainerItemProxy section */
		ISTP000000000000000001 /* PBXContainerItemProxy */ = {
			isa = PBXContainerItemProxy;
			containerPortal = ISPR00000000000000000001 /* Project object */;
			proxyType = 1;
			remoteGlobalIDString = ISNT000000000000000002;
			remoteInfo = ShareExtension;
		};
/* End PBXContainerItemProxy section */

/* Begin PBXCopyFilesBuildPhase section */
		ISFB000000000000000001 /* Embed Frameworks */ = {
			isa = PBXCopyFilesBuildPhase;
			buildActionMask = 2147483647;
			dstPath = "";
			dstSubfolderSpec = 10;
			files = (
				ISBF000000000000000006 /* Common in Embed Frameworks */,
				ISBF000000000000000007 /* ISFromMobile in Embed Frameworks */,
				ISBF000000000000000008 /* ISFromPC in Embed Frameworks */,
			);
			name = "Embed Frameworks";
			runOnlyForDeploymentPostprocessing = 0;
		};
		ISFB000000000000000002 /* Embed App Extensions */ = {
			isa = PBXCopyFilesBuildPhase;
			buildActionMask = 2147483647;
			dstPath = "";
			dstSubfolderSpec = 13;
			files = (
				ISBF000000000000000005 /* Instant Share.appex in Embed App Extensions */,
			);
			name = "Embed App Extensions";
			runOnlyForDeploymentPostprocessing = 0;
		};
/* End PBXCopyFilesBuildPhase section */

/* Begin PBXFileReference section */
		ISFR000000000000000001 /* InstantShare.app */ = {isa = PBXFileReference; explicitFileType = wrapper.application; includeInIndex = 0; path = InstantShare.app; sourceTree = BUILT_PRODUCTS_DIR; };
		ISFR000000000000000002 /* Instant Share.appex */ = {isa = PBXFileReference; explicitFileType = "wrapper.app-extension"; includeInIndex = 0; name = "Instant Share.appex"; path = ShareExtension.appex; sourceTree = BUILT_PRODUCTS_DIR; };
		ISFR000000000000000003 /* InstantShareApp.swift */ = {isa = PBXFileReference; includeInIndex = 1; lastKnownFileType = sourcecode.swift; name = InstantShareApp.swift; path = App/InstantShareApp.swift; sourceTree = "<group>"; };
		ISFR000000000000000004 /* Info.plist */ = {isa = PBXFileReference; includeInIndex = 1; lastKnownFileType = text.plist.xml; name = Info.plist; path = App/Info.plist; sourceTree = "<group>"; };
		ISFR000000000000000005 /* Assets.xcassets */ = {isa = PBXFileReference; lastKnownFileType = folder.assetcatalog; name = Assets.xcassets; path = App/Assets.xcassets; sourceTree = "<group>"; };
		ISFR000000000000000006 /* LaunchScreen.storyboard */ = {isa = PBXFileReference; lastKnownFileType = file.storyboard; name = LaunchScreen.storyboard; path = App/LaunchScreen.storyboard; sourceTree = "<group>"; };
		ISFR000000000000000007 /* InstantShareApp.entitlements */ = {isa = PBXFileReference; includeInIndex = 1; lastKnownFileType = text.plist.entitlements; name = InstantShareApp.entitlements; path = App/InstantShareApp.entitlements; sourceTree = "<group>"; };
		ISFR000000000000000008 /* ShareViewController.swift */ = {isa = PBXFileReference; includeInIndex = 1; lastKnownFileType = sourcecode.swift; name = ShareViewController.swift; path = ShareExtension/ShareViewController.swift; sourceTree = "<group>"; };
		ISFR000000000000000009 /* ShareExtension-Info.plist */ = {isa = PBXFileReference; includeInIndex = 1; lastKnownFileType = text.plist.xml; name = "ShareExtension-Info.plist"; path = ShareExtension/Info.plist; sourceTree = "<group>"; };
		ISFR000000000000000010 /* ShareExtension.entitlements */ = {isa = PBXFileReference; includeInIndex = 1; lastKnownFileType = text.plist.entitlements; name = ShareExtension.entitlements; path = ShareExtension/ShareExtension.entitlements; sourceTree = "<group>"; };
		ISFR000000000000000011 /* RootView.swift */ = {isa = PBXFileReference; includeInIndex = 1; lastKnownFileType = sourcecode.swift; name = RootView.swift; path = App/RootView.swift; sourceTree = "<group>"; };
/* End PBXFileReference section */

/* Begin PBXFrameworksBuildPhase section */
		ISFP000000000000000001 /* Frameworks */ = {
			isa = PBXFrameworksBuildPhase;
			buildActionMask = 2147483647;
			files = (
				3DEAE3662FF8D7E900656799 /* ISDeviceManagement in Frameworks */,
				3D802F2B2FF7FFC100A02CD7 /* ISFromPC in Frameworks */,
				3D802F2A2FF7FFC100A02CD7 /* ISFromMobile in Frameworks */,
				3D802F292FF7FFC100A02CD7 /* Common in Frameworks */,
				3D802F2F2FF7FFC100A02CD7 /* ComposableArchitecture in Frameworks */,
			);
			runOnlyForDeploymentPostprocessing = 0;
		};
		ISFP000000000000000002 /* Frameworks */ = {
			isa = PBXFrameworksBuildPhase;
			buildActionMask = 2147483647;
			files = (
				3D802F2D2FF7FFC100A02CD7 /* ISFromMobile in Frameworks */,
				3D802F2C2FF7FFC100A02CD7 /* Common in Frameworks */,
				3D802F2E2FF7FFC100A02CD7 /* ComposableArchitecture in Frameworks */,
			);
			runOnlyForDeploymentPostprocessing = 0;
		};
/* End PBXFrameworksBuildPhase section */

/* Begin PBXGroup section */
		ISGR000000000000000001 = {
			isa = PBXGroup;
			children = (
				ISGR000000000000000002 /* Products */,
				ISGR000000000000000003 /* App */,
				ISGR000000000000000004 /* ShareExtension */,
			);
			sourceTree = "<group>";
		};
		ISGR000000000000000002 /* Products */ = {
			isa = PBXGroup;
			children = (
				ISFR000000000000000001 /* InstantShare.app */,
				ISFR000000000000000002 /* Instant Share.appex */,
			);
			name = Products;
			sourceTree = "<group>";
		};
		ISGR000000000000000003 /* App */ = {
			isa = PBXGroup;
			children = (
				ISFR000000000000000003 /* InstantShareApp.swift */,
				ISFR000000000000000011 /* RootView.swift */,
				ISFR000000000000000004 /* Info.plist */,
				ISFR000000000000000005 /* Assets.xcassets */,
				ISFR000000000000000006 /* LaunchScreen.storyboard */,
				ISFR000000000000000007 /* InstantShareApp.entitlements */,
			);
			name = App;
			sourceTree = "<group>";
		};
		ISGR000000000000000004 /* ShareExtension */ = {
			isa = PBXGroup;
			children = (
				ISFR000000000000000008 /* ShareViewController.swift */,
				ISFR000000000000000009 /* ShareExtension-Info.plist */,
				ISFR000000000000000010 /* ShareExtension.entitlements */,
			);
			name = ShareExtension;
			sourceTree = "<group>";
		};
/* End PBXGroup section */

/* Begin PBXNativeTarget section */
		ISNT000000000000000001 /* InstantShare */ = {
			isa = PBXNativeTarget;
			buildConfigurationList = ISCL000000000000000001 /* Build configuration list for PBXNativeTarget "InstantShare" */;
			buildPhases = (
				ISSP000000000000000001 /* Sources */,
				ISFP000000000000000001 /* Frameworks */,
				ISRP000000000000000001 /* Resources */,
				ISFB000000000000000002 /* Embed App Extensions */,
				ISFB000000000000000001 /* Embed Frameworks */,
			);
			buildRules = (
			);
			dependencies = (
				ISTD000000000000000001 /* PBXTargetDependency */,
			);
			name = InstantShare;
			packageProductDependencies = (
				ISPD000000000000000002 /* Common */,
				ISPD000000000000000003 /* ISFromMobile */,
				ISPD000000000000000004 /* ISFromPC */,
				ISPD000000000000000005 /* ISDeviceManagement */,
				ISPD000000000000000006 /* ComposableArchitecture */,
			);
			productName = InstantShare;
			productReference = ISFR000000000000000001 /* InstantShare.app */;
			productType = "com.apple.product-type.application";
		};
		ISNT000000000000000002 /* ShareExtension */ = {
			isa = PBXNativeTarget;
			buildConfigurationList = ISCL000000000000000002 /* Build configuration list for PBXNativeTarget "ShareExtension" */;
			buildPhases = (
				ISSP000000000000000002 /* Sources */,
				ISFP000000000000000002 /* Frameworks */,
			);
			buildRules = (
			);
			dependencies = (
			);
			name = ShareExtension;
			packageProductDependencies = (
				ISPD000000000000000002 /* Common */,
				ISPD000000000000000003 /* ISFromMobile */,
				ISPD000000000000000006 /* ComposableArchitecture */,
			);
			productName = ShareExtension;
			productReference = ISFR000000000000000002 /* Instant Share.appex */;
			productType = "com.apple.product-type.app-extension";
		};
/* End PBXNativeTarget section */

/* Begin PBXProject section */
		ISPR00000000000000000001 /* Project object */ = {
			isa = PBXProject;
			attributes = {
				LastSwiftUpdateCheck = 2620;
				LastUpgradeCheck = 2620;
			};
			buildConfigurationList = ISCL000000000000000003 /* Build configuration list for PBXProject "InstantShare" */;
			compatibilityVersion = "Xcode 3.2";
			developmentRegion = en;
			hasScannedForEncodings = 0;
			knownRegions = (
				en,
				Base,
			);
			mainGroup = ISGR000000000000000001;
			packageReferences = (
				ISXLP000000000000000001 /* XCLocalSwiftPackageReference "../ios-packages/Common" */,
				ISXLP000000000000000002 /* XCLocalSwiftPackageReference "../ios-packages/InstantShareKit" */,
				ISXRP000000000000000001 /* XCRemoteSwiftPackageReference "Factory" */,
				ISXRP000000000000000002 /* XCRemoteSwiftPackageReference "swift-composable-architecture" */,
				ISXRP000000000000000003 /* XCRemoteSwiftPackageReference "opentelemetry-swift-core" */,
			);
			productRefGroup = ISGR000000000000000002 /* Products */;
			projectDirPath = "";
			projectRoot = "";
			targets = (
				ISNT000000000000000001 /* InstantShare */,
				ISNT000000000000000002 /* ShareExtension */,
			);
		};
/* End PBXProject section */

/* Begin PBXResourcesBuildPhase section */
		ISRP000000000000000001 /* Resources */ = {
			isa = PBXResourcesBuildPhase;
			buildActionMask = 2147483647;
			files = (
				ISBF000000000000000003 /* Assets.xcassets in Resources */,
				ISBF000000000000000004 /* LaunchScreen.storyboard in Resources */,
			);
			runOnlyForDeploymentPostprocessing = 0;
		};
/* End PBXResourcesBuildPhase section */

/* Begin PBXSourcesBuildPhase section */
		ISSP000000000000000001 /* Sources */ = {
			isa = PBXSourcesBuildPhase;
			buildActionMask = 2147483647;
			files = (
				ISBF000000000000000001 /* InstantShareApp.swift in Sources */,
				ISBF000000000000000011 /* RootView.swift in Sources */,
			);
			runOnlyForDeploymentPostprocessing = 0;
		};
		ISSP000000000000000002 /* Sources */ = {
			isa = PBXSourcesBuildPhase;
			buildActionMask = 2147483647;
			files = (
				ISBF000000000000000002 /* ShareViewController.swift in Sources */,
			);
			runOnlyForDeploymentPostprocessing = 0;
		};
/* End PBXSourcesBuildPhase section */

/* Begin PBXTargetDependency section */
		ISTD000000000000000001 /* PBXTargetDependency */ = {
			isa = PBXTargetDependency;
			name = ShareExtension;
			target = ISNT000000000000000002 /* ShareExtension */;
			targetProxy = ISTP000000000000000001 /* PBXContainerItemProxy */;
		};
/* End PBXTargetDependency section */

/* Begin XCBuildConfiguration section */
		ISBC000000000000000001 /* Debug */ = {
			isa = XCBuildConfiguration;
			buildSettings = {
				ASSETCATALOG_COMPILER_APPICON_NAME = AppIcon;
				ASSETCATALOG_COMPILER_GLOBAL_ACCENT_COLOR_NAME = AccentColor;
				ASSETCATALOG_COMPILER_INCLUDE_ALL_APPICON_ASSETS = YES;
				CLANG_ENABLE_OBJC_WEAK = NO;
				CODE_SIGN_ENTITLEMENTS = App/InstantShareApp.entitlements;
				CODE_SIGN_STYLE = Automatic;
				CURRENT_PROJECT_VERSION = 1;
				DEVELOPMENT_TEAM = ZU6V838VRQ;
				INFOPLIST_FILE = App/Info.plist;
				INFOPLIST_KEY_CFBundleDisplayName = "Snap Get";
				INFOPLIST_KEY_LSApplicationCategoryType = "public.app-category.productivity";
				IPHONEOS_DEPLOYMENT_TARGET = 15.6;
				LD_RUNPATH_SEARCH_PATHS = (
					"$(inherited)",
					"@executable_path/Frameworks",
				);
				MARKETING_VERSION = 1.0.0;
				PRODUCT_BUNDLE_IDENTIFIER = "net.boldman.instant-share";
				PRODUCT_NAME = "$(TARGET_NAME)";
				SDKROOT = iphoneos;
				SWIFT_VERSION = 6.0;
				TARGETED_DEVICE_FAMILY = "1,2";
			};
			name = Debug;
		};
		ISBC000000000000000002 /* Release */ = {
			isa = XCBuildConfiguration;
			buildSettings = {
				ASSETCATALOG_COMPILER_APPICON_NAME = AppIcon;
				ASSETCATALOG_COMPILER_GLOBAL_ACCENT_COLOR_NAME = AccentColor;
				ASSETCATALOG_COMPILER_INCLUDE_ALL_APPICON_ASSETS = YES;
				CLANG_ENABLE_OBJC_WEAK = NO;
				CODE_SIGN_ENTITLEMENTS = App/InstantShareApp.entitlements;
				CODE_SIGN_STYLE = Automatic;
				CURRENT_PROJECT_VERSION = 1;
				DEVELOPMENT_TEAM = ZU6V838VRQ;
				INFOPLIST_FILE = App/Info.plist;
				INFOPLIST_KEY_CFBundleDisplayName = "Snap Get";
				INFOPLIST_KEY_LSApplicationCategoryType = "public.app-category.productivity";
				IPHONEOS_DEPLOYMENT_TARGET = 15.6;
				LD_RUNPATH_SEARCH_PATHS = (
					"$(inherited)",
					"@executable_path/Frameworks",
				);
				MARKETING_VERSION = 1.0.0;
				PRODUCT_BUNDLE_IDENTIFIER = "net.boldman.instant-share";
				PRODUCT_NAME = "$(TARGET_NAME)";
				SDKROOT = iphoneos;
				SWIFT_VERSION = 6.0;
				TARGETED_DEVICE_FAMILY = "1,2";
				VALIDATE_PRODUCT = YES;
			};
			name = Release;
		};
		ISBC000000000000000003 /* Debug */ = {
			isa = XCBuildConfiguration;
			buildSettings = {
				CLANG_ENABLE_OBJC_WEAK = NO;
				CODE_SIGN_ENTITLEMENTS = ShareExtension/ShareExtension.entitlements;
				CODE_SIGN_STYLE = Automatic;
				CURRENT_PROJECT_VERSION = 1;
				DEVELOPMENT_TEAM = ZU6V838VRQ;
				GENERATE_INFOPLIST_FILE = NO;
				INFOPLIST_FILE = ShareExtension/Info.plist;
				INFOPLIST_KEY_CFBundleDisplayName = "Instant Share";
				IPHONEOS_DEPLOYMENT_TARGET = 15.6;
				LD_RUNPATH_SEARCH_PATHS = (
					"$(inherited)",
					"@executable_path/Frameworks",
					"@executable_path/../../Frameworks",
				);
				MARKETING_VERSION = 1.0.0;
				PRODUCT_BUNDLE_IDENTIFIER = "net.boldman.instant-share.ShareExtension";
				PRODUCT_NAME = "$(TARGET_NAME)";
				SDKROOT = iphoneos;
				SKIP_INSTALL = YES;
				SWIFT_VERSION = 6.0;
				TARGETED_DEVICE_FAMILY = "1,2";
			};
			name = Debug;
		};
		ISBC000000000000000004 /* Release */ = {
			isa = XCBuildConfiguration;
			buildSettings = {
				CLANG_ENABLE_OBJC_WEAK = NO;
				CODE_SIGN_ENTITLEMENTS = ShareExtension/ShareExtension.entitlements;
				CODE_SIGN_STYLE = Automatic;
				CURRENT_PROJECT_VERSION = 1;
				DEVELOPMENT_TEAM = ZU6V838VRQ;
				GENERATE_INFOPLIST_FILE = NO;
				INFOPLIST_FILE = ShareExtension/Info.plist;
				INFOPLIST_KEY_CFBundleDisplayName = "Instant Share";
				IPHONEOS_DEPLOYMENT_TARGET = 15.6;
				LD_RUNPATH_SEARCH_PATHS = (
					"$(inherited)",
					"@executable_path/Frameworks",
					"@executable_path/../../Frameworks",
				);
				MARKETING_VERSION = 1.0.0;
				PRODUCT_BUNDLE_IDENTIFIER = "net.boldman.instant-share.ShareExtension";
				PRODUCT_NAME = "$(TARGET_NAME)";
				SDKROOT = iphoneos;
				SKIP_INSTALL = YES;
				SWIFT_VERSION = 6.0;
				TARGETED_DEVICE_FAMILY = "1,2";
				VALIDATE_PRODUCT = YES;
			};
			name = Release;
		};
		ISBC000000000000000005 /* Debug */ = {
			isa = XCBuildConfiguration;
			buildSettings = {
				ALWAYS_SEARCH_USER_PATHS = NO;
				CLANG_ANALYZER_NONNULL = YES;
				CLANG_ANALYZER_NUMBER_OBJECT_CONVERSION = YES_AGGRESSIVE;
				CLANG_CXX_LANGUAGE_STANDARD = "gnu++14";
				CLANG_CXX_LIBRARY = "libc++";
				CLANG_ENABLE_MODULES = YES;
				CLANG_ENABLE_OBJC_ARC = YES;
				CLANG_ENABLE_OBJC_WEAK = YES;
				CLANG_WARN_BLOCK_CAPTURE_AUTORELEASING = YES;
				CLANG_WARN_BOOL_CONVERSION = YES;
				CLANG_WARN_COMMA = YES;
				CLANG_WARN_CONSTANT_CONVERSION = YES;
				CLANG_WARN_DEPRECATED_OBJC_IMPLEMENTATIONS = YES;
				CLANG_WARN_DIRECT_OBJC_ISA_USAGE = YES_ERROR;
				CLANG_WARN_DOCUMENTATION_COMMENTS = YES;
				CLANG_WARN_EMPTY_BODY = YES;
				CLANG_WARN_ENUM_CONVERSION = YES;
				CLANG_WARN_INFINITE_RECURSION = YES;
				CLANG_WARN_INT_CONVERSION = YES;
				CLANG_WARN_NON_LITERAL_NULL_CONVERSION = YES;
				CLANG_WARN_OBJC_IMPLICIT_RETAIN_SELF = YES;
				CLANG_WARN_OBJC_LITERAL_CONVERSION = YES;
				CLANG_WARN_OBJC_ROOT_CLASS = YES_ERROR;
				CLANG_WARN_QUOTED_INCLUDE_IN_FRAMEWORK_HEADER = YES;
				CLANG_WARN_RANGE_LOOP_ANALYSIS = YES;
				CLANG_WARN_STRICT_PROTOTYPES = YES;
				CLANG_WARN_SUSPICIOUS_MOVE = YES;
				CLANG_WARN_UNGUARDED_AVAILABILITY = YES_AGGRESSIVE;
				CLANG_WARN_UNREACHABLE_CODE = YES;
				CLANG_WARN__DUPLICATE_METHOD_MATCH = YES;
				COPY_PHASE_STRIP = NO;
				DEBUG_INFORMATION_FORMAT = dwarf;
				ENABLE_STRICT_OBJC_MSGSEND = YES;
				ENABLE_TESTABILITY = YES;
				GCC_C_LANGUAGE_STANDARD = gnu11;
				GCC_DYNAMIC_NO_PIC = NO;
				GCC_NO_COMMON_BLOCKS = YES;
				GCC_OPTIMIZATION_LEVEL = 0;
				GCC_PREPROCESSOR_DEFINITIONS = (
					"DEBUG=1",
					"$(inherited)",
				);
				GCC_WARN_64_TO_32_BIT_CONVERSION = YES;
				GCC_WARN_ABOUT_RETURN_TYPE = YES_ERROR;
				GCC_WARN_UNDECLARED_SELECTOR = YES;
				GCC_WARN_UNINITIALIZED_AUTOS = YES_AGGRESSIVE;
				GCC_WARN_UNUSED_FUNCTION = YES;
				GCC_WARN_UNUSED_VARIABLE = YES;
				MTL_ENABLE_DEBUG_INFO = INCLUDE_SOURCE;
				MTL_FAST_MATH = YES;
				ONLY_ACTIVE_ARCH = YES;
				PRODUCT_NAME = "$(TARGET_NAME)";
				SWIFT_ACTIVE_COMPILATION_CONDITIONS = DEBUG;
				SWIFT_OPTIMIZATION_LEVEL = "-Onone";
				SWIFT_VERSION = 5.0;
			};
			name = Debug;
		};
		ISBC000000000000000006 /* Release */ = {
			isa = XCBuildConfiguration;
			buildSettings = {
				ALWAYS_SEARCH_USER_PATHS = NO;
				CLANG_ANALYZER_NONNULL = YES;
				CLANG_ANALYZER_NUMBER_OBJECT_CONVERSION = YES_AGGRESSIVE;
				CLANG_CXX_LANGUAGE_STANDARD = "gnu++14";
				CLANG_CXX_LIBRARY = "libc++";
				CLANG_ENABLE_MODULES = YES;
				CLANG_ENABLE_OBJC_ARC = YES;
				CLANG_ENABLE_OBJC_WEAK = YES;
				CLANG_WARN_BLOCK_CAPTURE_AUTORELEASING = YES;
				CLANG_WARN_BOOL_CONVERSION = YES;
				CLANG_WARN_COMMA = YES;
				CLANG_WARN_CONSTANT_CONVERSION = YES;
				CLANG_WARN_DEPRECATED_OBJC_IMPLEMENTATIONS = YES;
				CLANG_WARN_DIRECT_OBJC_ISA_USAGE = YES_ERROR;
				CLANG_WARN_DOCUMENTATION_COMMENTS = YES;
				CLANG_WARN_EMPTY_BODY = YES;
				CLANG_WARN_ENUM_CONVERSION = YES;
				CLANG_WARN_INFINITE_RECURSION = YES;
				CLANG_WARN_INT_CONVERSION = YES;
				CLANG_WARN_NON_LITERAL_NULL_CONVERSION = YES;
				CLANG_WARN_OBJC_IMPLICIT_RETAIN_SELF = YES;
				CLANG_WARN_OBJC_LITERAL_CONVERSION = YES;
				CLANG_WARN_OBJC_ROOT_CLASS = YES_ERROR;
				CLANG_WARN_QUOTED_INCLUDE_IN_FRAMEWORK_HEADER = YES;
				CLANG_WARN_RANGE_LOOP_ANALYSIS = YES;
				CLANG_WARN_STRICT_PROTOTYPES = YES;
				CLANG_WARN_SUSPICIOUS_MOVE = YES;
				CLANG_WARN_UNGUARDED_AVAILABILITY = YES_AGGRESSIVE;
				CLANG_WARN_UNREACHABLE_CODE = YES;
				CLANG_WARN__DUPLICATE_METHOD_MATCH = YES;
				COPY_PHASE_STRIP = NO;
				DEBUG_INFORMATION_FORMAT = "dwarf-with-dsym";
				ENABLE_NS_ASSERTIONS = NO;
				ENABLE_STRICT_OBJC_MSGSEND = YES;
				GCC_C_LANGUAGE_STANDARD = gnu11;
				GCC_NO_COMMON_BLOCKS = YES;
				GCC_WARN_64_TO_32_BIT_CONVERSION = YES;
				GCC_WARN_ABOUT_RETURN_TYPE = YES_ERROR;
				GCC_WARN_UNDECLARED_SELECTOR = YES;
				GCC_WARN_UNINITIALIZED_AUTOS = YES_AGGRESSIVE;
				GCC_WARN_UNUSED_FUNCTION = YES;
				GCC_WARN_UNUSED_VARIABLE = YES;
				MTL_ENABLE_DEBUG_INFO = NO;
				MTL_FAST_MATH = YES;
				PRODUCT_NAME = "$(TARGET_NAME)";
				SWIFT_COMPILATION_MODE = wholemodule;
				SWIFT_OPTIMIZATION_LEVEL = "-O";
				SWIFT_VERSION = 5.0;
			};
			name = Release;
		};
/* End XCBuildConfiguration section */

/* Begin XCConfigurationList section */
		ISCL000000000000000001 /* Build configuration list for PBXNativeTarget "InstantShare" */ = {
			isa = XCConfigurationList;
			buildConfigurations = (
				ISBC000000000000000001 /* Debug */,
				ISBC000000000000000002 /* Release */,
			);
			defaultConfigurationIsVisible = 0;
			defaultConfigurationName = Release;
		};
		ISCL000000000000000002 /* Build configuration list for PBXNativeTarget "ShareExtension" */ = {
			isa = XCConfigurationList;
			buildConfigurations = (
				ISBC000000000000000003 /* Debug */,
				ISBC000000000000000004 /* Release */,
			);
			defaultConfigurationIsVisible = 0;
			defaultConfigurationName = Release;
		};
		ISCL000000000000000003 /* Build configuration list for PBXProject "InstantShare" */ = {
			isa = XCConfigurationList;
			buildConfigurations = (
				ISBC000000000000000005 /* Debug */,
				ISBC000000000000000006 /* Release */,
			);
			defaultConfigurationIsVisible = 0;
			defaultConfigurationName = Release;
		};
/* End XCConfigurationList section */

/* Begin XCLocalSwiftPackageReference section */
		ISXLP000000000000000001 /* XCLocalSwiftPackageReference "../ios-packages/Common" */ = {
			isa = XCLocalSwiftPackageReference;
			relativePath = "../ios-packages/Common";
		};
		ISXLP000000000000000002 /* XCLocalSwiftPackageReference "../ios-packages/InstantShareKit" */ = {
			isa = XCLocalSwiftPackageReference;
			relativePath = "../ios-packages/InstantShareKit";
		};
/* End XCLocalSwiftPackageReference section */

/* Begin XCRemoteSwiftPackageReference section */
		ISXRP000000000000000001 /* XCRemoteSwiftPackageReference "Factory" */ = {
			isa = XCRemoteSwiftPackageReference;
			repositoryURL = "https://github.com/hmlongco/Factory.git";
			requirement = {
				kind = upToNextMajorVersion;
				minimumVersion = 2.4.12;
			};
		};
		ISXRP000000000000000002 /* XCRemoteSwiftPackageReference "swift-composable-architecture" */ = {
			isa = XCRemoteSwiftPackageReference;
			repositoryURL = "https://github.com/pointfreeco/swift-composable-architecture.git";
			requirement = {
				kind = upToNextMajorVersion;
				minimumVersion = 1.17.0;
			};
		};
		ISXRP000000000000000003 /* XCRemoteSwiftPackageReference "opentelemetry-swift-core" */ = {
			isa = XCRemoteSwiftPackageReference;
			repositoryURL = "https://github.com/open-telemetry/opentelemetry-swift-core.git";
			requirement = {
				kind = upToNextMajorVersion;
				minimumVersion = 2.3.0;
			};
		};
/* End XCRemoteSwiftPackageReference section */

/* Begin XCSwiftPackageProductDependency section */
		ISPD000000000000000002 /* Common */ = {
			isa = XCSwiftPackageProductDependency;
			package = ISXLP000000000000000001 /* XCLocalSwiftPackageReference "../ios-packages/Common" */;
			productName = Common;
		};
		ISPD000000000000000003 /* ISFromMobile */ = {
			isa = XCSwiftPackageProductDependency;
			package = ISXLP000000000000000002 /* XCLocalSwiftPackageReference "../ios-packages/InstantShareKit" */;
			productName = ISFromMobile;
		};
		ISPD000000000000000004 /* ISFromPC */ = {
			isa = XCSwiftPackageProductDependency;
			package = ISXLP000000000000000002 /* XCLocalSwiftPackageReference "../ios-packages/InstantShareKit" */;
			productName = ISFromPC;
		};
		ISPD000000000000000005 /* ISDeviceManagement */ = {
			isa = XCSwiftPackageProductDependency;
			package = ISXLP000000000000000002 /* XCLocalSwiftPackageReference "../ios-packages/InstantShareKit" */;
			productName = ISDeviceManagement;
		};
		ISPD000000000000000006 /* ComposableArchitecture */ = {
			isa = XCSwiftPackageProductDependency;
			package = ISXRP000000000000000002 /* XCRemoteSwiftPackageReference "swift-composable-architecture" */;
			productName = ComposableArchitecture;
		};
/* End XCSwiftPackageProductDependency section */
	};
	rootObject = ISPR00000000000000000001 /* Project object */;
}
